{
  "name": "fake-lodash",
  "version": "1.0.0",
  "lockfileVersion": 1,
  "requires": true,
  "dependencies": {
    "@babel/code-frame": {
      "version": "7.10.4",
      "resolved": "https://registry.npm.taobao.org/@babel/code-frame/download/@babel/code-frame-7.10.4.tgz?cache=0&sync_timestamp=1593522948158&other_urls=https%3A%2F%2Fregistry.npm.taobao.org%2F%40babel%2Fcode-frame%2Fdownload%2F%40babel%2Fcode-frame-7.10.4.tgz",
      "integrity": "sha1-Fo2ho26Q2miujUnA8bSMfGJJITo=",
      "dev": true,
      "requires": {
        "@babel/highlight": "^7.10.4"
      }
    },
    "@babel/generator": {
      "version": "7.12.5",
      "resolved": "https://registry.npm.taobao.org/@babel/generator/download/@babel/generator-7.12.5.tgz?cache=0&sync_timestamp=1604441076223&other_urls=https%3A%2F%2Fregistry.npm.taobao.org%2F%40babel%2Fgenerator%2Fdownload%2F%40babel%2Fgenerator-7.12.5.tgz",
      "integrity": "sha1-osUN5ci21wirlb5eYFOTbBiEpN4=",
      "dev": true,
      "requires": {
        "@babel/types": "^7.12.5",
        "jsesc": "^2.5.1",
        "source-map": "^0.5.0"
      }
    },
    "@babel/helper-create-class-features-plugin": {
      "version": "7.12.1",
      "resolved": "https://registry.npm.taobao.org/@babel/helper-create-class-features-plugin/download/@babel/helper-create-class-features-plugin-7.12.1.tgz?cache=0&sync_timestamp=1602799938240&other_urls=https%3A%2F%2Fregistry.npm.taobao.org%2F%40babel%2Fhelper-create-class-features-plugin%2Fdownload%2F%40babel%2Fhelper-create-class-features-plugin-7.12.1.tgz",
      "integrity": "sha1-PEWZj0Me3UqSFMXx060USKYTf24=",
      "dev": true,
      "requires": {
        "@babel/helper-function-name": "^7.10.4",
        "@babel/helper-member-expression-to-functions": "^7.12.1",
        "@babel/helper-optimise-call-expression": "^7.10.4",
        "@babel/helper-replace-supers": "^7.12.1",
        "@babel/helper-split-export-declaration": "^7.10.4"
      }
    },
    "@babel/helper-function-name": {
      "version": "7.10.4",
      "resolved": "https://registry.npm.taobao.org/@babel/helper-function-name/download/@babel/helper-function-name-7.10.4.tgz?cache=0&sync_timestamp=1593522977138&other_urls=https%3A%2F%2Fregistry.npm.taobao.org%2F%40babel%2Fhelper-function-name%2Fdownload%2F%40babel%2Fhelper-function-name-7.10.4.tgz",
      "integrity": "sha1-0tOyDFmtjEcRL6fSqUvAnV74Lxo=",
      "dev": true,
      "requires": {
        "@babel/helper-get-function-arity": "^7.10.4",
        "@babel/template": "^7.10.4",
        "@babel/types": "^7.10.4"
      }
    },
    "@babel/helper-get-function-arity": {
      "version": "7.10.4",
      "resolved": "https://registry.npm.taobao.org/@babel/helper-get-function-arity/download/@babel/helper-get-function-arity-7.10.4.tgz?cache=0&sync_timestamp=1593521294451&other_urls=https%3A%2F%2Fregistry.npm.taobao.org%2F%40babel%2Fhelper-get-function-arity%2Fdownload%2F%40babel%2Fhelper-get-function-arity-7.10.4.tgz",
      "integrity": "sha1-mMHL6g4jMvM/mkZhuM4VBbLBm6I=",
      "dev": true,
      "requires": {
        "@babel/types": "^7.10.4"
      }
    },
    "@babel/helper-member-expression-to-functions": {
      "version": "7.12.7",
      "resolved": "https://registry.npm.taobao.org/@babel/helper-member-expression-to-functions/download/@babel/helper-member-expression-to-functions-7.12.7.tgz?cache=0&sync_timestamp=1605904559024&other_urls=https%3A%2F%2Fregistry.npm.taobao.org%2F%40babel%2Fhelper-member-expression-to-functions%2Fdownload%2F%40babel%2Fhelper-member-expression-to-functions-7.12.7.tgz",
      "integrity": "sha1-qne9A5bsgRTl4weH76eFmdh0qFU=",
      "dev": true,
      "requires": {
        "@babel/types": "^7.12.7"
      }
    },
    "@babel/helper-optimise-call-expression": {
      "version": "7.12.7",
      "resolved": "https://registry.npm.taobao.org/@babel/helper-optimise-call-expression/download/@babel/helper-optimise-call-expression-7.12.7.tgz?cache=0&sync_timestamp=1605904561916&other_urls=https%3A%2F%2Fregistry.npm.taobao.org%2F%40babel%2Fhelper-optimise-call-expression%2Fdownload%2F%40babel%2Fhelper-optimise-call-expression-7.12.7.tgz",
      "integrity": "sha1-f5SuXghyGklGc0aqBP0i91ADO5w=",
      "dev": true,
      "requires": {
        "@babel/types": "^7.12.7"
      }
    },
    "@babel/helper-plugin-utils": {
      "version": "7.10.4",
      "resolved": "https://registry.npm.taobao.org/@babel/helper-plugin-utils/download/@babel/helper-plugin-utils-7.10.4.tgz?cache=0&sync_timestamp=1593521082372&other_urls=https%3A%2F%2Fregistry.npm.taobao.org%2F%40babel%2Fhelper-plugin-utils%2Fdownload%2F%40babel%2Fhelper-plugin-utils-7.10.4.tgz",
      "integrity": "sha1-L3WoMSadT2d95JmG3/WZJ1M883U=",
      "dev": true
    },
    "@babel/helper-replace-supers": {
      "version": "7.12.5",
      "resolved": "https://registry.npm.taobao.org/@babel/helper-replace-supers/download/@babel/helper-replace-supers-7.12.5.tgz",
      "integrity": "sha1-8AmhdUO7u84WsGIGrnO2PT/KaNk=",
      "dev": true,
      "requires": {
        "@babel/helper-member-expression-to-functions": "^7.12.1",
        "@babel/helper-optimise-call-expression": "^7.10.4",
        "@babel/traverse": "^7.12.5",
        "@babel/types": "^7.12.5"
      }
    },
    "@babel/helper-split-export-declaration": {
      "version": "7.11.0",
      "resolved": "https://registry.npm.taobao.org/@babel/helper-split-export-declaration/download/@babel/helper-split-export-declaration-7.11.0.tgz",
      "integrity": "sha1-+KSRJErPamdhWKxCBykRuoOtCZ8=",
      "dev": true,
      "requires": {
        "@babel/types": "^7.11.0"
      }
    },
    "@babel/helper-validator-identifier": {
      "version": "7.10.4",
      "resolved": "https://registry.npm.taobao.org/@babel/helper-validator-identifier/download/@babel/helper-validator-identifier-7.10.4.tgz?cache=0&sync_timestamp=1593521083613&other_urls=https%3A%2F%2Fregistry.npm.taobao.org%2F%40babel%2Fhelper-validator-identifier%2Fdownload%2F%40babel%2Fhelper-validator-identifier-7.10.4.tgz",
      "integrity": "sha1-p4x6clHgH2FlEtMbEK3PUq2l4NI=",
      "dev": true
    },
    "@babel/helper-validator-option": {
      "version": "7.12.1",
      "resolved": "https://registry.npm.taobao.org/@babel/helper-validator-option/download/@babel/helper-validator-option-7.12.1.tgz?cache=0&sync_timestamp=1602801773085&other_urls=https%3A%2F%2Fregistry.npm.taobao.org%2F%40babel%2Fhelper-validator-option%2Fdownload%2F%40babel%2Fhelper-validator-option-7.12.1.tgz",
      "integrity": "sha1-F1VnOAw+d9YP+YpUuwFf548heNk=",
      "dev": true
    },
    "@babel/highlight": {
      "version": "7.10.4",
      "resolved": "https://registry.npm.taobao.org/@babel/highlight/download/@babel/highlight-7.10.4.tgz?cache=0&sync_timestamp=1593521095576&other_urls=https%3A%2F%2Fregistry.npm.taobao.org%2F%40babel%2Fhighlight%2Fdownload%2F%40babel%2Fhighlight-7.10.4.tgz",
      "integrity": "sha1-fRvf1ldTU4+r5sOFls23bZrGAUM=",
      "dev": true,
      "requires": {
        "@babel/helper-validator-identifier": "^7.10.4",
        "chalk": "^2.0.0",
        "js-tokens": "^4.0.0"
      }
    },
    "@babel/parser": {
      "version": "7.12.7",
      "resolved": "https://registry.npm.taobao.org/@babel/parser/download/@babel/parser-7.12.7.tgz?cache=0&sync_timestamp=1605904555840&other_urls=https%3A%2F%2Fregistry.npm.taobao.org%2F%40babel%2Fparser%2Fdownload%2F%40babel%2Fparser-7.12.7.tgz",
      "integrity": "sha1-/uezn+gJ0Oc+WyXuyvV4DvPXMFY=",
      "dev": true
    },
    "@babel/plugin-proposal-class-properties": {
      "version": "7.12.1",
      "resolved": "https://registry.npm.taobao.org/@babel/plugin-proposal-class-properties/download/@babel/plugin-proposal-class-properties-7.12.1.tgz?cache=0&sync_timestamp=1602801742700&other_urls=https%3A%2F%2Fregistry.npm.taobao.org%2F%40babel%2Fplugin-proposal-class-properties%2Fdownload%2F%40babel%2Fplugin-proposal-class-properties-7.12.1.tgz",
      "integrity": "sha1-oIL/VB8qKaSCEGW4rdk0bAwW5d4=",
      "dev": true,
      "requires": {
        "@babel/helper-create-class-features-plugin": "^7.12.1",
        "@babel/helper-plugin-utils": "^7.10.4"
      }
    },
    "@babel/plugin-proposal-object-rest-spread": {
      "version": "7.12.1",
      "resolved": "https://registry.npm.taobao.org/@babel/plugin-proposal-object-rest-spread/download/@babel/plugin-proposal-object-rest-spread-7.12.1.tgz?cache=0&sync_timestamp=1602799956368&other_urls=https%3A%2F%2Fregistry.npm.taobao.org%2F%40babel%2Fplugin-proposal-object-rest-spread%2Fdownload%2F%40babel%2Fplugin-proposal-object-rest-spread-7.12.1.tgz",
      "integrity": "sha1-3vm9A86g+bcig9rA7CLSicdpEGk=",
      "dev": true,
      "requires": {
        "@babel/helper-plugin-utils": "^7.10.4",
        "@babel/plugin-syntax-object-rest-spread": "^7.8.0",
        "@babel/plugin-transform-parameters": "^7.12.1"
      }
    },
    "@babel/plugin-syntax-object-rest-spread": {
      "version": "7.8.3",
      "resolved": "https://registry.npm.taobao.org/@babel/plugin-syntax-object-rest-spread/download/@babel/plugin-syntax-object-rest-spread-7.8.3.tgz",
      "integrity": "sha1-YOIl7cvZimQDMqLnLdPmbxr1WHE=",
      "dev": true,
      "requires": {
        "@babel/helper-plugin-utils": "^7.8.0"
      }
    },
    "@babel/plugin-syntax-typescript": {
      "version": "7.12.1",
      "resolved": "https://registry.npm.taobao.org/@babel/plugin-syntax-typescript/download/@babel/plugin-syntax-typescript-7.12.1.tgz",
      "integrity": "sha1-Rgup13B3ZTgDw90uZz921mtAKeU=",
      "dev": true,
      "requires": {
        "@babel/helper-plugin-utils": "^7.10.4"
      }
    },
    "@babel/plugin-transform-parameters": {
      "version": "7.12.1",
      "resolved": "https://registry.npm.taobao.org/@babel/plugin-transform-parameters/download/@babel/plugin-transform-parameters-7.12.1.tgz?cache=0&other_urls=https%3A%2F%2Fregistry.npm.taobao.org%2F%40babel%2Fplugin-transform-parameters%2Fdownload%2F%40babel%2Fplugin-transform-parameters-7.12.1.tgz",
      "integrity": "sha1-0uljsDh3FlDJIu/1k3mclthTJV0=",
      "dev": true,
      "requires": {
        "@babel/helper-plugin-utils": "^7.10.4"
      }
    },
    "@babel/plugin-transform-typescript": {
      "version": "7.12.1",
      "resolved": "https://registry.npm.taobao.org/@babel/plugin-transform-typescript/download/@babel/plugin-transform-typescript-7.12.1.tgz",
      "integrity": "sha1-2SzAr1BNUQ4mp1Sn28LlyM2cerQ=",
      "dev": true,
      "requires": {
        "@babel/helper-create-class-features-plugin": "^7.12.1",
        "@babel/helper-plugin-utils": "^7.10.4",
        "@babel/plugin-syntax-typescript": "^7.12.1"
      }
    },
    "@babel/preset-typescript": {
      "version": "7.12.7",
      "resolved": "https://registry.npm.taobao.org/@babel/preset-typescript/download/@babel/preset-typescript-7.12.7.tgz",
      "integrity": "sha1-/H34GZ1qrnR4lvHmxh/IcgVmMqM=",
      "dev": true,
      "requires": {
        "@babel/helper-plugin-utils": "^7.10.4",
        "@babel/helper-validator-option": "^7.12.1",
        "@babel/plugin-transform-typescript": "^7.12.1"
      }
    },
    "@babel/template": {
      "version": "7.12.7",
      "resolved": "https://registry.npm.taobao.org/@babel/template/download/@babel/template-7.12.7.tgz?cache=0&sync_timestamp=1605904556456&other_urls=https%3A%2F%2Fregistry.npm.taobao.org%2F%40babel%2Ftemplate%2Fdownload%2F%40babel%2Ftemplate-7.12.7.tgz",
      "integrity": "sha1-yBcjNpYBjjn7tsSR0vtoTgXtQ7w=",
      "dev": true,
      "requires": {
        "@babel/code-frame": "^7.10.4",
        "@babel/parser": "^7.12.7",
        "@babel/types": "^7.12.7"
      }
    },
    "@babel/traverse": {
      "version": "7.12.9",
      "resolved": "https://registry.npm.taobao.org/@babel/traverse/download/@babel/traverse-7.12.9.tgz?cache=0&sync_timestamp=1606249933297&other_urls=https%3A%2F%2Fregistry.npm.taobao.org%2F%40babel%2Ftraverse%2Fdownload%2F%40babel%2Ftraverse-7.12.9.tgz",
      "integrity": "sha1-+tJsly6rvBE1DgtpWXjebMjoWW8=",
      "dev": true,
      "requires": {
        "@babel/code-frame": "^7.10.4",
        "@babel/generator": "^7.12.5",
        "@babel/helper-function-name": "^7.10.4",
        "@babel/helper-split-export-declaration": "^7.11.0",
        "@babel/parser": "^7.12.7",
        "@babel/types": "^7.12.7",
        "debug": "^4.1.0",
        "globals": "^11.1.0",
        "lodash": "^4.17.19"
      }
    },
    "@babel/types": {
      "version": "7.12.7",
      "resolved": "https://registry.npm.taobao.org/@babel/types/download/@babel/types-7.12.7.tgz?cache=0&sync_timestamp=1605904553917&other_urls=https%3A%2F%2Fregistry.npm.taobao.org%2F%40babel%2Ftypes%2Fdownload%2F%40babel%2Ftypes-7.12.7.tgz",
      "integrity": "sha1-YDn/HiQmQKKUUsmuVyFi7JqPXRM=",
      "dev": true,
      "requires": {
        "@babel/helper-validator-identifier": "^7.10.4",
        "lodash": "^4.17.19",
        "to-fast-properties": "^2.0.0"
      }
    },
    "@types/node": {
      "version": "14.14.10",
      "resolved": "https://registry.npm.taobao.org/@types/node/download/@types/node-14.14.10.tgz",
      "integrity": "sha1-WVioLkGGPPxx8jB7N0jjSRugN4U=",
      "dev": true
    },
    "ansi-styles": {
      "version": "3.2.1",
      "resolved": "https://registry.npm.taobao.org/ansi-styles/download/ansi-styles-3.2.1.tgz?cache=0&sync_timestamp=1601839122515&other_urls=https%3A%2F%2Fregistry.npm.taobao.org%2Fansi-styles%2Fdownload%2Fansi-styles-3.2.1.tgz",
      "integrity": "sha1-QfuyAkPlCxK+DwS43tvwdSDOhB0=",
      "dev": true,
      "requires": {
        "color-convert": "^1.9.0"
      }
    },
    "chalk": {
      "version": "2.4.2",
      "resolved": "https://registry.npm.taobao.org/chalk/download/chalk-2.4.2.tgz",
      "integrity": "sha1-zUJUFnelQzPPVBpJEIwUMrRMlCQ=",
      "dev": true,
      "requires": {
        "ansi-styles": "^3.2.1",
        "escape-string-regexp": "^1.0.5",
        "supports-color": "^5.3.0"
      }
    },
    "color-convert": {
      "version": "1.9.3",
      "resolved": "https://registry.npm.taobao.org/color-convert/download/color-convert-1.9.3.tgz",
      "integrity": "sha1-u3GFBpDh8TZWfeYp0tVHHe2kweg=",
      "dev": true,
      "requires": {
        "color-name": "1.1.3"
      }
    },
    "color-name": {
      "version": "1.1.3",
      "resolved": "https://registry.npm.taobao.org/color-name/download/color-name-1.1.3.tgz",
      "integrity": "sha1-p9BVi9icQveV3UIyj3QIMcpTvCU=",
      "dev": true
    },
    "debug": {
      "version": "4.3.1",
      "resolved": "https://registry.npm.taobao.org/debug/download/debug-4.3.1.tgz?cache=0&sync_timestamp=1606566568533&other_urls=https%3A%2F%2Fregistry.npm.taobao.org%2Fdebug%2Fdownload%2Fdebug-4.3.1.tgz",
      "integrity": "sha1-8NIpxQXgxtjEmsVT0bE9wYP2su4=",
      "dev": true,
      "requires": {
        "ms": "2.1.2"
      }
    },
    "escape-string-regexp": {
      "version": "1.0.5",
      "resolved": "https://registry.npm.taobao.org/escape-string-regexp/download/escape-string-regexp-1.0.5.tgz",
      "integrity": "sha1-G2HAViGQqN/2rjuyzwIAyhMLhtQ=",
      "dev": true
    },
    "globals": {
      "version": "11.12.0",
      "resolved": "https://registry.npm.taobao.org/globals/download/globals-11.12.0.tgz?cache=0&sync_timestamp=1603664378253&other_urls=https%3A%2F%2Fregistry.npm.taobao.org%2Fglobals%2Fdownload%2Fglobals-11.12.0.tgz",
      "integrity": "sha1-q4eVM4hooLq9hSV1gBjCp+uVxC4=",
      "dev": true
    },
    "has-flag": {
      "version": "3.0.0",
      "resolved": "https://registry.npm.taobao.org/has-flag/download/has-flag-3.0.0.tgz",
      "integrity": "sha1-tdRU3CGZriJWmfNGfloH87lVuv0=",
      "dev": true
    },
    "js-tokens": {
      "version": "4.0.0",
      "resolved": "https://registry.npm.taobao.org/js-tokens/download/js-tokens-4.0.0.tgz",
      "integrity": "sha1-GSA/tZmR35jjoocFDUZHzerzJJk=",
      "dev": true
    },
    "jsesc": {
      "version": "2.5.2",
      "resolved": "https://registry.npm.taobao.org/jsesc/download/jsesc-2.5.2.tgz?cache=0&sync_timestamp=1603891232110&other_urls=https%3A%2F%2Fregistry.npm.taobao.org%2Fjsesc%2Fdownload%2Fjsesc-2.5.2.tgz",
      "integrity": "sha1-gFZNLkg9rPbo7yCWUKZ98/DCg6Q=",
      "dev": true
    },
    "lodash": {
      "version": "4.17.20",
      "resolved": "https://registry.npm.taobao.org/lodash/download/lodash-4.17.20.tgz?cache=0&sync_timestamp=1597335994883&other_urls=https%3A%2F%2Fregistry.npm.taobao.org%2Flodash%2Fdownload%2Flodash-4.17.20.tgz",
      "integrity": "sha1-tEqbYpe8tpjxxRo1RaKzs2jVnFI=",
      "dev": true
    },
    "ms": {
      "version": "2.1.2",
      "resolved": "https://registry.npm.taobao.org/ms/download/ms-2.1.2.tgz",
      "integrity": "sha1-0J0fNXtEP0kzgqjrPM0YOHKuYAk=",
      "dev": true
    },
    "source-map": {
      "version": "0.5.7",
      "resolved": "https://registry.npm.taobao.org/source-map/download/source-map-0.5.7.tgz?cache=0&sync_timestamp=1589682764497&other_urls=https%3A%2F%2Fregistry.npm.taobao.org%2Fsource-map%2Fdownload%2Fsource-map-0.5.7.tgz",
      "integrity": "sha1-igOdLRAh0i0eoUyA2OpGi6LvP8w=",
      "dev": true
    },
    "supports-color": {
      "version": "5.5.0",
      "resolved": "https://registry.npm.taobao.org/supports-color/download/supports-color-5.5.0.tgz?cache=0&sync_timestamp=1606205035829&other_urls=https%3A%2F%2Fregistry.npm.taobao.org%2Fsupports-color%2Fdownload%2Fsupports-color-5.5.0.tgz",
      "integrity": "sha1-4uaaRKyHcveKHsCzW2id9lMO/I8=",
      "dev": true,
      "requires": {
        "has-flag": "^3.0.0"
      }
    },
    "to-fast-properties": {
      "version": "2.0.0",
      "resolved": "https://registry.npm.taobao.org/to-fast-properties/download/to-fast-properties-2.0.0.tgz",
      "integrity": "sha1-3F5pjL0HkmW8c+A3doGk5Og/YW4=",
      "dev": true
    },
    "typescript": {
      "version": "4.1.2",
      "resolved": "https://registry.npm.taobao.org/typescript/download/typescript-4.1.2.tgz?cache=0&sync_timestamp=1606720555694&other_urls=https%3A%2F%2Fregistry.npm.taobao.org%2Ftypescript%2Fdownload%2Ftypescript-4.1.2.tgz",
      "integrity": "sha1-Y2nvIlFv5eEDBKrlpcSGLbVTgOk=",
      "dev": true
    }
  }
}
